// !$*UTF8*$!
{
	archiveVersion = 1;
	classes = {
	};
	objectVersion = 77;
	objects = {

/* Begin PBXBuildFile section */
		451B67A32D75224D0070C45B /* DominantColor in Frameworks */ = {isa = PBXBuildFile; productRef = 451B67A22D75224D0070C45B /* DominantColor */; };
		451E12EC2D8214B600FFA4DE /* SwiftSoup in Frameworks */ = {isa = PBXBuildFile; productRef = 451E12EB2D8214B600FFA4DE /* SwiftSoup */; };
		45B24FCE2D791AD20039D77B /* CodeScanner in Frameworks */ = {isa = PBXBuildFile; productRef = 45B24FCD2D791AD20039D77B /* CodeScanner */; };
		45B24FD32D7A7A820039D77B /* Drops in Frameworks */ = {isa = PBXBuildFile; productRef = 45B24FD22D7A7A820039D77B /* Drops */; };
/* End PBXBuildFile section */

/* Begin PBXContainerItemProxy section */
		45B6B35E2D7106DF00E62B2E /* PBXContainerItemProxy */ = {
			isa = PBXContainerItemProxy;
			containerPortal = 45B6B3432D7106C500E62B2E /* Project object */;
			proxyType = 1;
			remoteGlobalIDString = 45B6B34A2D7106C500E62B2E;
			remoteInfo = Vinyl;
		};
		45B6B3682D7106DF00E62B2E /* PBXContainerItemProxy */ = {
			isa = PBXContainerItemProxy;
			containerPortal = 45B6B3432D7106C500E62B2E /* Project object */;
			proxyType = 1;
			remoteGlobalIDString = 45B6B34A2D7106C500E62B2E;
			remoteInfo = Vinyl;
		};
/* End PBXContainerItemProxy section */

/* Begin PBXFileReference section */
		45B6B34B2D7106C500E62B2E /* Vinyl.app */ = {isa = PBXFileReference; explicitFileType = wrapper.application; includeInIndex = 0; path = Vinyl.app; sourceTree = BUILT_PRODUCTS_DIR; };
		45B6B35D2D7106DF00E62B2E /* VinylTests.xctest */ = {isa = PBXFileReference; explicitFileType = wrapper.cfbundle; includeInIndex = 0; path = VinylTests.xctest; sourceTree = BUILT_PRODUCTS_DIR; };
		45B6B3672D7106DF00E62B2E /* VinylUITests.xctest */ = {isa = PBXFileReference; explicitFileType = wrapper.cfbundle; includeInIndex = 0; path = VinylUITests.xctest; sourceTree = BUILT_PRODUCTS_DIR; };
/* End PBXFileReference section */

/* Begin PBXFileSystemSynchronizedRootGroup section */
		45B6B34D2D7106C500E62B2E /* Vinyl */ = {
			isa = PBXFileSystemSynchronizedRootGroup;
			path = Vinyl;
			sourceTree = "<group>";
		};
		45B6B3602D7106DF00E62B2E /* VinylTests */ = {
			isa = PBXFileSystemSynchronizedRootGroup;
			path = VinylTests;
			sourceTree = "<group>";
		};
		45B6B36A2D7106DF00E62B2E /* VinylUITests */ = {
			isa = PBXFileSystemSynchronizedRootGroup;
			path = VinylUITests;
			sourceTree = "<group>";
		};
/* End PBXFileSystemSynchronizedRootGroup section */

/* Begin PBXFrameworksBuildPhase section */
		45B6B3482D7106C500E62B2E /* Frameworks */ = {
			isa = PBXFrameworksBuildPhase;
			buildActionMask = 2147483647;
			files = (
				45B24FD32D7A7A820039D77B /* Drops in Frameworks */,
				451E12EC2D8214B600FFA4DE /* SwiftSoup in Frameworks */,
				45B24FCE2D791AD20039D77B /* CodeScanner in Frameworks */,
				451B67A32D75224D0070C45B /* DominantColor in Frameworks */,
			);
			runOnlyForDeploymentPostprocessing = 0;
		};
		45B6B35A2D7106DE00E62B2E /* Frameworks */ = {
			isa = PBXFrameworksBuildPhase;
			buildActionMask = 2147483647;
			files = (
			);
			runOnlyForDeploymentPostprocessing = 0;
		};
		45B6B3642D7106DF00E62B2E /* Frameworks */ = {
			isa = PBXFrameworksBuildPhase;
			buildActionMask = 2147483647;
			files = (
			);
			runOnlyForDeploymentPostprocessing = 0;
		};
/* End PBXFrameworksBuildPhase section */

/* Begin PBXGroup section */
		451B67A12D75224D0070C45B /* Frameworks */ = {
			isa = PBXGroup;
			children = (
			);
			name = Frameworks;
			sourceTree = "<group>";
		};
		45B6B3422D7106C500E62B2E = {
			isa = PBXGroup;
			children = (
				45B6B34D2D7106C500E62B2E /* Vinyl */,
				45B6B3602D7106DF00E62B2E /* VinylTests */,
				45B6B36A2D7106DF00E62B2E /* VinylUITests */,
				451B67A12D75224D0070C45B /* Frameworks */,
				45B6B34C2D7106C500E62B2E /* Products */,
			);
			sourceTree = "<group>";
		};
		45B6B34C2D7106C500E62B2E /* Products */ = {
			isa = PBXGroup;
			children = (
				45B6B34B2D7106C500E62B2E /* Vinyl.app */,
				45B6B35D2D7106DF00E62B2E /* VinylTests.xctest */,
				45B6B3672D7106DF00E62B2E /* VinylUITests.xctest */,
			);
			name = Products;
			sourceTree = "<group>";
		};
/* End PBXGroup section */

/* Begin PBXNativeTarget section */
		45B6B34A2D7106C500E62B2E /* Vinyl */ = {
			isa = PBXNativeTarget;
			buildConfigurationList = 45B6B3712D7106DF00E62B2E /* Build configuration list for PBXNativeTarget "Vinyl" */;
			buildPhases = (
				45B6B3472D7106C500E62B2E /* Sources */,
				45B6B3482D7106C500E62B2E /* Frameworks */,
				45B6B3492D7106C500E62B2E /* Resources */,
			);
			buildRules = (
			);
			dependencies = (
			);
			fileSystemSynchronizedGroups = (
				45B6B34D2D7106C500E62B2E /* Vinyl */,
			);
			name = Vinyl;
			packageProductDependencies = (
				451B67A22D75224D0070C45B /* DominantColor */,
				45B24FCD2D791AD20039D77B /* CodeScanner */,
				45B24FD22D7A7A820039D77B /* Drops */,
				451E12EB2D8214B600FFA4DE /* SwiftSoup */,
			);
			productName = Vinyl;
			productReference = 45B6B34B2D7106C500E62B2E /* Vinyl.app */;
			productType = "com.apple.product-type.application";
		};
		45B6B35C2D7106DE00E62B2E /* VinylTests */ = {
			isa = PBXNativeTarget;
			buildConfigurationList = 45B6B3742D7106DF00E62B2E /* Build configuration list for PBXNativeTarget "VinylTests" */;
			buildPhases = (
				45B6B3592D7106DE00E62B2E /* Sources */,
				45B6B35A2D7106DE00E62B2E /* Frameworks */,
				45B6B35B2D7106DE00E62B2E /* Resources */,
			);
			buildRules = (
			);
			dependencies = (
				45B6B35F2D7106DF00E62B2E /* PBXTargetDependency */,
			);
			fileSystemSynchronizedGroups = (
				45B6B3602D7106DF00E62B2E /* VinylTests */,
			);
			name = VinylTests;
			packageProductDependencies = (
			);
			productName = VinylTests;
			productReference = 45B6B35D2D7106DF00E62B2E /* VinylTests.xctest */;
			productType = "com.apple.product-type.bundle.unit-test";
		};
		45B6B3662D7106DF00E62B2E /* VinylUITests */ = {
			isa = PBXNativeTarget;
			buildConfigurationList = 45B6B3772D7106DF00E62B2E /* Build configuration list for PBXNativeTarget "VinylUITests" */;
			buildPhases = (
				45B6B3632D7106DF00E62B2E /* Sources */,
				45B6B3642D7106DF00E62B2E /* Frameworks */,
				45B6B3652D7106DF00E62B2E /* Resources */,
			);
			buildRules = (
			);
			dependencies = (
				45B6B3692D7106DF00E62B2E /* PBXTargetDependency */,
			);
			fileSystemSynchronizedGroups = (
				45B6B36A2D7106DF00E62B2E /* VinylUITests */,
			);
			name = VinylUITests;
			packageProductDependencies = (
			);
			productName = VinylUITests;
			productReference = 45B6B3672D7106DF00E62B2E /* VinylUITests.xctest */;
			productType = "com.apple.product-type.bundle.ui-testing";
		};
/* End PBXNativeTarget section */

/* Begin PBXProject section */
		45B6B3432D7106C500E62B2E /* Project object */ = {
			isa = PBXProject;
			attributes = {
				BuildIndependentTargetsInParallel = 1;
				LastSwiftUpdateCheck = 1620;
				LastUpgradeCheck = 1620;
				TargetAttributes = {
					45B6B34A2D7106C500E62B2E = {
						CreatedOnToolsVersion = 16.2;
					};
					45B6B35C2D7106DE00E62B2E = {
						CreatedOnToolsVersion = 16.2;
						TestTargetID = 45B6B34A2D7106C500E62B2E;
					};
					45B6B3662D7106DF00E62B2E = {
						CreatedOnToolsVersion = 16.2;
						TestTargetID = 45B6B34A2D7106C500E62B2E;
					};
				};
			};
			buildConfigurationList = 45B6B3462D7106C500E62B2E /* Build configuration list for PBXProject "Vinyl" */;
			developmentRegion = en;
			hasScannedForEncodings = 0;
			knownRegions = (
				en,
				Base,
			);
			mainGroup = 45B6B3422D7106C500E62B2E;
			minimizedProjectReferenceProxies = 1;
			packageReferences = (
				451B559A2D7520C6009EBA32 /* XCRemoteSwiftPackageReference "DominantColor" */,
				45B24FCC2D791AB60039D77B /* XCRemoteSwiftPackageReference "CodeScanner" */,
				45B24FD12D7A7A720039D77B /* XCRemoteSwiftPackageReference "Drops" */,
				451E12EA2D82133300FFA4DE /* XCRemoteSwiftPackageReference "SwiftSoup" */,
			);
			preferredProjectObjectVersion = 77;
			productRefGroup = 45B6B34C2D7106C500E62B2E /* Products */;
			projectDirPath = "";
			projectRoot = "";
			targets = (
				45B6B34A2D7106C500E62B2E /* Vinyl */,
				45B6B35C2D7106DE00E62B2E /* VinylTests */,
				45B6B3662D7106DF00E62B2E /* VinylUITests */,
			);
		};
/* End PBXProject section */

/* Begin PBXResourcesBuildPhase section */
		45B6B3492D7106C500E62B2E /* Resources */ = {
			isa = PBXResourcesBuildPhase;
			buildActionMask = 2147483647;
			files = (
			);
			runOnlyForDeploymentPostprocessing = 0;
		};
		45B6B35B2D7106DE00E62B2E /* Resources */ = {
			isa = PBXResourcesBuildPhase;
			buildActionMask = 2147483647;
			files = (
			);
			runOnlyForDeploymentPostprocessing = 0;
		};
		45B6B3652D7106DF00E62B2E /* Resources */ = {
			isa = PBXResourcesBuildPhase;
			buildActionMask = 2147483647;
			files = (
			);
			runOnlyForDeploymentPostprocessing = 0;
		};
/* End PBXResourcesBuildPhase section */

/* Begin PBXSourcesBuildPhase section */
		45B6B3472D7106C500E62B2E /* Sources */ = {
			isa = PBXSourcesBuildPhase;
			buildActionMask = 2147483647;
			files = (
			);
			runOnlyForDeploymentPostprocessing = 0;
		};
		45B6B3592D7106DE00E62B2E /* Sources */ = {
			isa = PBXSourcesBuildPhase;
			buildActionMask = 2147483647;
			files = (
			);
			runOnlyForDeploymentPostprocessing = 0;
		};
		45B6B3632D7106DF00E62B2E /* Sources */ = {
			isa = PBXSourcesBuildPhase;
			buildActionMask = 2147483647;
			files = (
			);
			runOnlyForDeploymentPostprocessing = 0;
		};
/* End PBXSourcesBuildPhase section */

/* Begin PBXTargetDependency section */
		45B6B35F2D7106DF00E62B2E /* PBXTargetDependency */ = {
			isa = PBXTargetDependency;
			target = 45B6B34A2D7106C500E62B2E /* Vinyl */;
			targetProxy = 45B6B35E2D7106DF00E62B2E /* PBXContainerItemProxy */;
		};
		45B6B3692D7106DF00E62B2E /* PBXTargetDependency */ = {
			isa = PBXTargetDependency;
			target = 45B6B34A2D7106C500E62B2E /* Vinyl */;
			targetProxy = 45B6B3682D7106DF00E62B2E /* PBXContainerItemProxy */;
		};
/* End PBXTargetDependency section */

/* Begin XCBuildConfiguration section */
		45B6B36F2D7106DF00E62B2E /* Debug */ = {
			isa = XCBuildConfiguration;
			buildSettings = {
				ALWAYS_SEARCH_USER_PATHS = NO;
				ASSETCATALOG_COMPILER_GENERATE_SWIFT_ASSET_SYMBOL_EXTENSIONS = YES;
				CLANG_ANALYZER_NONNULL = YES;
				CLANG_ANALYZER_NUMBER_OBJECT_CONVERSION = YES_AGGRESSIVE;
				CLANG_CXX_LANGUAGE_STANDARD = "gnu++20";
				CLANG_ENABLE_MODULES = YES;
				CLANG_ENABLE_OBJC_ARC = YES;
				CLANG_ENABLE_OBJC_WEAK = YES;
				CLANG_WARN_BLOCK_CAPTURE_AUTORELEASING = YES;
				CLANG_WARN_BOOL_CONVERSION = YES;
				CLANG_WARN_COMMA = YES;
				CLANG_WARN_CONSTANT_CONVERSION = YES;
				CLANG_WARN_DEPRECATED_OBJC_IMPLEMENTATIONS = YES;
				CLANG_WARN_DIRECT_OBJC_ISA_USAGE = YES_ERROR;
				CLANG_WARN_DOCUMENTATION_COMMENTS = YES;
				CLANG_WARN_EMPTY_BODY = YES;
				CLANG_WARN_ENUM_CONVERSION = YES;
				CLANG_WARN_INFINITE_RECURSION = YES;
				CLANG_WARN_INT_CONVERSION = YES;
				CLANG_WARN_NON_LITERAL_NULL_CONVERSION = YES;
				CLANG_WARN_OBJC_IMPLICIT_RETAIN_SELF = YES;
				CLANG_WARN_OBJC_LITERAL_CONVERSION = YES;
				CLANG_WARN_OBJC_ROOT_CLASS = YES_ERROR;
				CLANG_WARN_QUOTED_INCLUDE_IN_FRAMEWORK_HEADER = YES;
				CLANG_WARN_RANGE_LOOP_ANALYSIS = YES;
				CLANG_WARN_STRICT_PROTOTYPES = YES;
				CLANG_WARN_SUSPICIOUS_MOVE = YES;
				CLANG_WARN_UNGUARDED_AVAILABILITY = YES_AGGRESSIVE;
				CLANG_WARN_UNREACHABLE_CODE = YES;
				CLANG_WARN__DUPLICATE_METHOD_MATCH = YES;
				COPY_PHASE_STRIP = NO;
				DEBUG_INFORMATION_FORMAT = dwarf;
				ENABLE_STRICT_OBJC_MSGSEND = YES;
				ENABLE_TESTABILITY = YES;
				ENABLE_USER_SCRIPT_SANDBOXING = YES;
				GCC_C_LANGUAGE_STANDARD = gnu17;
				GCC_DYNAMIC_NO_PIC = NO;
				GCC_NO_COMMON_BLOCKS = YES;
				GCC_OPTIMIZATION_LEVEL = 0;
				GCC_PREPROCESSOR_DEFINITIONS = (
					"DEBUG=1",
					"$(inherited)",
				);
				GCC_WARN_64_TO_32_BIT_CONVERSION = YES;
				GCC_WARN_ABOUT_RETURN_TYPE = YES_ERROR;
				GCC_WARN_UNDECLARED_SELECTOR = YES;
				GCC_WARN_UNINITIALIZED_AUTOS = YES_AGGRESSIVE;
				GCC_WARN_UNUSED_FUNCTION = YES;
				GCC_WARN_UNUSED_VARIABLE = YES;
				IPHONEOS_DEPLOYMENT_TARGET = 18.2;
				LOCALIZATION_PREFERS_STRING_CATALOGS = YES;
				MTL_ENABLE_DEBUG_INFO = INCLUDE_SOURCE;
				MTL_FAST_MATH = YES;
				ONLY_ACTIVE_ARCH = YES;
				SDKROOT = iphoneos;
				SWIFT_ACTIVE_COMPILATION_CONDITIONS = "DEBUG $(inherited)";
				SWIFT_OPTIMIZATION_LEVEL = "-Onone";
			};
			name = Debug;
		};
		45B6B3702D7106DF00E62B2E /* Release */ = {
			isa = XCBuildConfiguration;
			buildSettings = {
				ALWAYS_SEARCH_USER_PATHS = NO;
				ASSETCATALOG_COMPILER_GENERATE_SWIFT_ASSET_SYMBOL_EXTENSIONS = YES;
				CLANG_ANALYZER_NONNULL = YES;
				CLANG_ANALYZER_NUMBER_OBJECT_CONVERSION = YES_AGGRESSIVE;
				CLANG_CXX_LANGUAGE_STANDARD = "gnu++20";
				CLANG_ENABLE_MODULES = YES;
				CLANG_ENABLE_OBJC_ARC = YES;
				CLANG_ENABLE_OBJC_WEAK = YES;
				CLANG_WARN_BLOCK_CAPTURE_AUTORELEASING = YES;
				CLANG_WARN_BOOL_CONVERSION = YES;
				CLANG_WARN_COMMA = YES;
				CLANG_WARN_CONSTANT_CONVERSION = YES;
				CLANG_WARN_DEPRECATED_OBJC_IMPLEMENTATIONS = YES;
				CLANG_WARN_DIRECT_OBJC_ISA_USAGE = YES_ERROR;
				CLANG_WARN_DOCUMENTATION_COMMENTS = YES;
				CLANG_WARN_EMPTY_BODY = YES;
				CLANG_WARN_ENUM_CONVERSION = YES;
				CLANG_WARN_INFINITE_RECURSION = YES;
				CLANG_WARN_INT_CONVERSION = YES;
				CLANG_WARN_NON_LITERAL_NULL_CONVERSION = YES;
				CLANG_WARN_OBJC_IMPLICIT_RETAIN_SELF = YES;
				CLANG_WARN_OBJC_LITERAL_CONVERSION = YES;
				CLANG_WARN_OBJC_ROOT_CLASS = YES_ERROR;
				CLANG_WARN_QUOTED_INCLUDE_IN_FRAMEWORK_HEADER = YES;
				CLANG_WARN_RANGE_LOOP_ANALYSIS = YES;
				CLANG_WARN_STRICT_PROTOTYPES = YES;
				CLANG_WARN_SUSPICIOUS_MOVE = YES;
				CLANG_WARN_UNGUARDED_AVAILABILITY = YES_AGGRESSIVE;
				CLANG_WARN_UNREACHABLE_CODE = YES;
				CLANG_WARN__DUPLICATE_METHOD_MATCH = YES;
				COPY_PHASE_STRIP = NO;
				DEBUG_INFORMATION_FORMAT = "dwarf-with-dsym";
				ENABLE_NS_ASSERTIONS = NO;
				ENABLE_STRICT_OBJC_MSGSEND = YES;
				ENABLE_USER_SCRIPT_SANDBOXING = YES;
				GCC_C_LANGUAGE_STANDARD = gnu17;
				GCC_NO_COMMON_BLOCKS = YES;
				GCC_WARN_64_TO_32_BIT_CONVERSION = YES;
				GCC_WARN_ABOUT_RETURN_TYPE = YES_ERROR;
				GCC_WARN_UNDECLARED_SELECTOR = YES;
				GCC_WARN_UNINITIALIZED_AUTOS = YES_AGGRESSIVE;
				GCC_WARN_UNUSED_FUNCTION = YES;
				GCC_WARN_UNUSED_VARIABLE = YES;
				IPHONEOS_DEPLOYMENT_TARGET = 18.2;
				LOCALIZATION_PREFERS_STRING_CATALOGS = YES;
				MTL_ENABLE_DEBUG_INFO = NO;
				MTL_FAST_MATH = YES;
				SDKROOT = iphoneos;
				SWIFT_COMPILATION_MODE = wholemodule;
				VALIDATE_PRODUCT = YES;
			};
			name = Release;
		};
		45B6B3722D7106DF00E62B2E /* Debug */ = {
			isa = XCBuildConfiguration;
			buildSettings = {
				ASSETCATALOG_COMPILER_APPICON_NAME = AppIcon;
				ASSETCATALOG_COMPILER_GLOBAL_ACCENT_COLOR_NAME = AccentColor;
				CODE_SIGN_STYLE = Automatic;
				CURRENT_PROJECT_VERSION = 1;
				DEVELOPMENT_ASSET_PATHS = "\"Vinyl/Preview Content\"";
				DEVELOPMENT_TEAM = M6CW5X3GGG;
				ENABLE_PREVIEWS = YES;
				GENERATE_INFOPLIST_FILE = YES;
				INFOPLIST_KEY_NSCameraUsageDescription = "We need to scan QR codes.";
				INFOPLIST_KEY_UIApplicationSceneManifest_Generation = YES;
				INFOPLIST_KEY_UIApplicationSupportsIndirectInputEvents = YES;
				INFOPLIST_KEY_UILaunchScreen_Generation = YES;
				INFOPLIST_KEY_UISupportedInterfaceOrientations_iPad = "UIInterfaceOrientationPortrait UIInterfaceOrientationPortraitUpsideDown UIInterfaceOrientationLandscapeLeft UIInterfaceOrientationLandscapeRight";
				INFOPLIST_KEY_UISupportedInterfaceOrientations_iPhone = "UIInterfaceOrientationPortrait UIInterfaceOrientationLandscapeLeft UIInterfaceOrientationLandscapeRight";
				IPHONEOS_DEPLOYMENT_TARGET = 18.0;
				LD_RUNPATH_SEARCH_PATHS = (
					"$(inherited)",
					"@executable_path/Frameworks",
				);
				MARKETING_VERSION = 1.0;
				PRODUCT_BUNDLE_IDENTIFIER = ricardochairez.Vinyl;
				PRODUCT_NAME = "$(TARGET_NAME)";
				SWIFT_EMIT_LOC_STRINGS = YES;
				SWIFT_VERSION = 5.0;
				TARGETED_DEVICE_FAMILY = "1,2";
			};
			name = Debug;
		};
		45B6B3732D7106DF00E62B2E /* Release */ = {
			isa = XCBuildConfiguration;
			buildSettings = {
				ASSETCATALOG_COMPILER_APPICON_NAME = AppIcon;
				ASSETCATALOG_COMPILER_GLOBAL_ACCENT_COLOR_NAME = AccentColor;
				CODE_SIGN_STYLE = Automatic;
				CURRENT_PROJECT_VERSION = 1;
				DEVELOPMENT_ASSET_PATHS = "\"Vinyl/Preview Content\"";
				DEVELOPMENT_TEAM = M6CW5X3GGG;
				ENABLE_PREVIEWS = YES;
				GENERATE_INFOPLIST_FILE = YES;
				INFOPLIST_KEY_NSCameraUsageDescription = "We need to scan QR codes.";
				INFOPLIST_KEY_UIApplicationSceneManifest_Generation = YES;
				INFOPLIST_KEY_UIApplicationSupportsIndirectInputEvents = YES;
				INFOPLIST_KEY_UILaunchScreen_Generation = YES;
				INFOPLIST_KEY_UISupportedInterfaceOrientations_iPad = "UIInterfaceOrientationPortrait UIInterfaceOrientationPortraitUpsideDown UIInterfaceOrientationLandscapeLeft UIInterfaceOrientationLandscapeRight";
				INFOPLIST_KEY_UISupportedInterfaceOrientations_iPhone = "UIInterfaceOrientationPortrait UIInterfaceOrientationLandscapeLeft UIInterfaceOrientationLandscapeRight";
				IPHONEOS_DEPLOYMENT_TARGET = 18.0;
				LD_RUNPATH_SEARCH_PATHS = (
					"$(inherited)",
					"@executable_path/Frameworks",
				);
				MARKETING_VERSION = 1.0;
				PRODUCT_BUNDLE_IDENTIFIER = ricardochairez.Vinyl;
				PRODUCT_NAME = "$(TARGET_NAME)";
				SWIFT_EMIT_LOC_STRINGS = YES;
				SWIFT_VERSION = 5.0;
				TARGETED_DEVICE_FAMILY = "1,2";
			};
			name = Release;
		};
		45B6B3752D7106DF00E62B2E /* Debug */ = {
			isa = XCBuildConfiguration;
			buildSettings = {
				BUNDLE_LOADER = "$(TEST_HOST)";
				CODE_SIGN_STYLE = Automatic;
				CURRENT_PROJECT_VERSION = 1;
				DEVELOPMENT_TEAM = M6CW5X3GGG;
				GENERATE_INFOPLIST_FILE = YES;
				IPHONEOS_DEPLOYMENT_TARGET = 18.2;
				MARKETING_VERSION = 1.0;
				PRODUCT_BUNDLE_IDENTIFIER = ricardochairez.VinylTests;
				PRODUCT_NAME = "$(TARGET_NAME)";
				SWIFT_EMIT_LOC_STRINGS = NO;
				SWIFT_VERSION = 5.0;
				TARGETED_DEVICE_FAMILY = "1,2";
				TEST_HOST = "$(BUILT_PRODUCTS_DIR)/Vinyl.app/$(BUNDLE_EXECUTABLE_FOLDER_PATH)/Vinyl";
			};
			name = Debug;
		};
		45B6B3762D7106DF00E62B2E /* Release */ = {
			isa = XCBuildConfiguration;
			buildSettings = {
				BUNDLE_LOADER = "$(TEST_HOST)";
				CODE_SIGN_STYLE = Automatic;
				CURRENT_PROJECT_VERSION = 1;
				DEVELOPMENT_TEAM = M6CW5X3GGG;
				GENERATE_INFOPLIST_FILE = YES;
				IPHONEOS_DEPLOYMENT_TARGET = 18.2;
				MARKETING_VERSION = 1.0;
				PRODUCT_BUNDLE_IDENTIFIER = ricardochairez.VinylTests;
				PRODUCT_NAME = "$(TARGET_NAME)";
				SWIFT_EMIT_LOC_STRINGS = NO;
				SWIFT_VERSION = 5.0;
				TARGETED_DEVICE_FAMILY = "1,2";
				TEST_HOST = "$(BUILT_PRODUCTS_DIR)/Vinyl.app/$(BUNDLE_EXECUTABLE_FOLDER_PATH)/Vinyl";
			};
			name = Release;
		};
		45B6B3782D7106DF00E62B2E /* Debug */ = {
			isa = XCBuildConfiguration;
			buildSettings = {
				CODE_SIGN_STYLE = Automatic;
				CURRENT_PROJECT_VERSION = 1;
				DEVELOPMENT_TEAM = M6CW5X3GGG;
				GENERATE_INFOPLIST_FILE = YES;
				MARKETING_VERSION = 1.0;
				PRODUCT_BUNDLE_IDENTIFIER = ricardochairez.VinylUITests;
				PRODUCT_NAME = "$(TARGET_NAME)";
				SWIFT_EMIT_LOC_STRINGS = NO;
				SWIFT_VERSION = 5.0;
				TARGETED_DEVICE_FAMILY = "1,2";
				TEST_TARGET_NAME = Vinyl;
			};
			name = Debug;
		};
		45B6B3792D7106DF00E62B2E /* Release */ = {
			isa = XCBuildConfiguration;
			buildSettings = {
				CODE_SIGN_STYLE = Automatic;
				CURRENT_PROJECT_VERSION = 1;
				DEVELOPMENT_TEAM = M6CW5X3GGG;
				GENERATE_INFOPLIST_FILE = YES;
				MARKETING_VERSION = 1.0;
				PRODUCT_BUNDLE_IDENTIFIER = ricardochairez.VinylUITests;
				PRODUCT_NAME = "$(TARGET_NAME)";
				SWIFT_EMIT_LOC_STRINGS = NO;
				SWIFT_VERSION = 5.0;
				TARGETED_DEVICE_FAMILY = "1,2";
				TEST_TARGET_NAME = Vinyl;
			};
			name = Release;
		};
/* End XCBuildConfiguration section */

/* Begin XCConfigurationList section */
		45B6B3462D7106C500E62B2E /* Build configuration list for PBXProject "Vinyl" */ = {
			isa = XCConfigurationList;
			buildConfigurations = (
				45B6B36F2D7106DF00E62B2E /* Debug */,
				45B6B3702D7106DF00E62B2E /* Release */,
			);
			defaultConfigurationIsVisible = 0;
			defaultConfigurationName = Release;
		};
		45B6B3712D7106DF00E62B2E /* Build configuration list for PBXNativeTarget "Vinyl" */ = {
			isa = XCConfigurationList;
			buildConfigurations = (
				45B6B3722D7106DF00E62B2E /* Debug */,
				45B6B3732D7106DF00E62B2E /* Release */,
			);
			defaultConfigurationIsVisible = 0;
			defaultConfigurationName = Release;
		};
		45B6B3742D7106DF00E62B2E /* Build configuration list for PBXNativeTarget "VinylTests" */ = {
			isa = XCConfigurationList;
			buildConfigurations = (
				45B6B3752D7106DF00E62B2E /* Debug */,
				45B6B3762D7106DF00E62B2E /* Release */,
			);
			defaultConfigurationIsVisible = 0;
			defaultConfigurationName = Release;
		};
		45B6B3772D7106DF00E62B2E /* Build configuration list for PBXNativeTarget "VinylUITests" */ = {
			isa = XCConfigurationList;
			buildConfigurations = (
				45B6B3782D7106DF00E62B2E /* Debug */,
				45B6B3792D7106DF00E62B2E /* Release */,
			);
			defaultConfigurationIsVisible = 0;
			defaultConfigurationName = Release;
		};
/* End XCConfigurationList section */

/* Begin XCRemoteSwiftPackageReference section */
		451B559A2D7520C6009EBA32 /* XCRemoteSwiftPackageReference "DominantColor" */ = {
			isa = XCRemoteSwiftPackageReference;
			repositoryURL = "https://github.com/indragiek/DominantColor";
			requirement = {
				kind = upToNextMajorVersion;
				minimumVersion = 0.2.2;
			};
		};
		451E12EA2D82133300FFA4DE /* XCRemoteSwiftPackageReference "SwiftSoup" */ = {
			isa = XCRemoteSwiftPackageReference;
			repositoryURL = "https://github.com/scinfu/SwiftSoup.git";
			requirement = {
				kind = upToNextMajorVersion;
				minimumVersion = 2.8.6;
			};
		};
		45B24FCC2D791AB60039D77B /* XCRemoteSwiftPackageReference "CodeScanner" */ = {
			isa = XCRemoteSwiftPackageReference;
			repositoryURL = "https://github.com/twostraws/CodeScanner.git";
			requirement = {
				kind = upToNextMajorVersion;
				minimumVersion = 2.5.2;
			};
		};
		45B24FD12D7A7A720039D77B /* XCRemoteSwiftPackageReference "Drops" */ = {
			isa = XCRemoteSwiftPackageReference;
			repositoryURL = "https://github.com/omaralbeik/Drops.git";
			requirement = {
				kind = upToNextMajorVersion;
				minimumVersion = 1.7.0;
			};
		};
/* End XCRemoteSwiftPackageReference section */

/* Begin XCSwiftPackageProductDependency section */
		451B67A22D75224D0070C45B /* DominantColor */ = {
			isa = XCSwiftPackageProductDependency;
			package = 451B559A2D7520C6009EBA32 /* XCRemoteSwiftPackageReference "DominantColor" */;
			productName = DominantColor;
		};
		451E12EB2D8214B600FFA4DE /* SwiftSoup */ = {
			isa = XCSwiftPackageProductDependency;
			package = 451E12EA2D82133300FFA4DE /* XCRemoteSwiftPackageReference "SwiftSoup" */;
			productName = SwiftSoup;
		};
		45B24FCD2D791AD20039D77B /* CodeScanner */ = {
			isa = XCSwiftPackageProductDependency;
			package = 45B24FCC2D791AB60039D77B /* XCRemoteSwiftPackageReference "CodeScanner" */;
			productName = CodeScanner;
		};
		45B24FD22D7A7A820039D77B /* Drops */ = {
			isa = XCSwiftPackageProductDependency;
			package = 45B24FD12D7A7A720039D77B /* XCRemoteSwiftPackageReference "Drops" */;
			productName = Drops;
		};
/* End XCSwiftPackageProductDependency section */
	};
	rootObject = 45B6B3432D7106C500E62B2E /* Project object */;
}
